
Microsoft Visual Studio Solution File, Format Version 12.00
# Visual Studio Version 16
VisualStudioVersion = 16.0.30011.22
MinimumVisualStudioVersion = 10.0.40219.1
Project("{FAE04EC0-301F-11D3-BF4B-00C04F79EFBC}") = "WindowsFormsApp8", "WindowsFormsApp8\WindowsFormsApp8.csproj", "{D7856A06-8995-4546-B076-142159908FEC}"
EndProject
Global
	GlobalSection(SolutionConfigurationPlatforms) = preSolution
		Debug|Any CPU = Debug|Any CPU
		Release|Any CPU = Release|Any CPU
	EndGlobalSection
	GlobalSection(ProjectConfigurationPlatforms) = postSolution
		{D7856A06-8995-4546-B076-142159908FEC}.Debug|Any CPU.ActiveCfg = Debug|Any CPU
		{D7856A06-8995-4546-B076-142159908FEC}.Debug|Any CPU.Build.0 = Debug|Any CPU
		{D7856A06-8995-4546-B076-142159908FEC}.Release|Any CPU.ActiveCfg = Release|Any CPU
		{D7856A06-8995-4546-B076-142159908FEC}.Release|Any CPU.Build.0 = Release|Any CPU
	EndGlobalSection
	GlobalSection(SolutionProperties) = preSolution
		HideSolutionNode = FALSE
	EndGlobalSection
	GlobalSection(ExtensibilityGlobals) = postSolution
		SolutionGuid = {4D6D9C72-4618-4B03-A05A-9DC897AA0EB5}
	EndGlobalSection
EndGlobal
